
Microsoft Visual Studio Solution File, Format Version 12.00
# Visual Studio Version 16
VisualStudioVersion = 16.0.29509.3
MinimumVisualStudioVersion = 10.0.40219.1
Project("{FAE04EC0-301F-11D3-BF4B-00C04F79EFBC}") = "DrawingShapesGPL", "DrawingShapesGPL\DrawingShapesGPL.csproj", "{40A498F9-5923-4917-B97C-9FEE2E171651}"
EndProject
Project("{FAE04EC0-301F-11D3-BF4B-00C04F79EFBC}") = "UnitTestDrawingShapesGPL", "UnitTestDrawingShapesGPL\UnitTestDrawingShapesGPL.csproj", "{81737ECA-7A2C-485A-8CC6-D787B6941C0C}"
EndProject
Global
	GlobalSection(SolutionConfigurationPlatforms) = preSolution
		Debug|Any CPU = Debug|Any CPU
		Release|Any CPU = Release|Any CPU
	EndGlobalSection
	GlobalSection(ProjectConfigurationPlatforms) = postSolution
		{40A498F9-5923-4917-B97C-9FEE2E171651}.Debug|Any CPU.ActiveCfg = Debug|Any CPU
		{40A498F9-5923-4917-B97C-9FEE2E171651}.Debug|Any CPU.Build.0 = Debug|Any CPU
		{40A498F9-5923-4917-B97C-9FEE2E171651}.Release|Any CPU.ActiveCfg = Release|Any CPU
		{40A498F9-5923-4917-B97C-9FEE2E171651}.Release|Any CPU.Build.0 = Release|Any CPU
		{81737ECA-7A2C-485A-8CC6-D787B6941C0C}.Debug|Any CPU.ActiveCfg = Debug|Any CPU
		{81737ECA-7A2C-485A-8CC6-D787B6941C0C}.Debug|Any CPU.Build.0 = Debug|Any CPU
		{81737ECA-7A2C-485A-8CC6-D787B6941C0C}.Release|Any CPU.ActiveCfg = Release|Any CPU
		{81737ECA-7A2C-485A-8CC6-D787B6941C0C}.Release|Any CPU.Build.0 = Release|Any CPU
	EndGlobalSection
	GlobalSection(SolutionProperties) = preSolution
		HideSolutionNode = FALSE
	EndGlobalSection
	GlobalSection(ExtensibilityGlobals) = postSolution
		SolutionGuid = {C758FF9D-E1E2-4904-A10A-55AD38799A85}
	EndGlobalSection
EndGlobal
